// !$*UTF8*$!
{
	archiveVersion = 1;
	classes = {
	};
	objectVersion = 46;
	objects = {

/* Begin PBXBuildFile section */
		52C9724A1AE2F6F1000C531A /* events.json in Resources */ = {isa = PBXBuildFile; fileRef = 52C972451AE2F6F1000C531A /* events.json */; };
		52C9724B1AE2F6F1000C531A /* groups.json in Resources */ = {isa = PBXBuildFile; fileRef = 52C972461AE2F6F1000C531A /* groups.json */; };
		52C9724C1AE2F6F1000C531A /* users_events.json in Resources */ = {isa = PBXBuildFile; fileRef = 52C972471AE2F6F1000C531A /* users_events.json */; };
		52C9724D1AE2F6F1000C531A /* users_groups.json in Resources */ = {isa = PBXBuildFile; fileRef = 52C972481AE2F6F1000C531A /* users_groups.json */; };
		52C9724E1AE2F6F1000C531A /* users.json in Resources */ = {isa = PBXBuildFile; fileRef = 52C972491AE2F6F1000C531A /* users.json */; };
		52C972531AE2F70A000C531A /* Entity.swift in Sources */ = {isa = PBXBuildFile; fileRef = 52C9724F1AE2F70A000C531A /* Entity.swift */; };
		52C972541AE2F70A000C531A /* Event.swift in Sources */ = {isa = PBXBuildFile; fileRef = 52C972501AE2F70A000C531A /* Event.swift */; };
		52C972551AE2F70A000C531A /* Group.swift in Sources */ = {isa = PBXBuildFile; fileRef = 52C972511AE2F70A000C531A /* Group.swift */; };
		52C972561AE2F70A000C531A /* User.swift in Sources */ = {isa = PBXBuildFile; fileRef = 52C972521AE2F70A000C531A /* User.swift */; };
		52C972581AE2F714000C531A /* NSJSONSerialization+NSData.swift in Sources */ = {isa = PBXBuildFile; fileRef = 52C972571AE2F714000C531A /* NSJSONSerialization+NSData.swift */; };
		52C9725A1AE30F83000C531A /* images in Resources */ = {isa = PBXBuildFile; fileRef = 52C972591AE30F83000C531A /* images */; };
		52DC1A2B1AE2A6490011140F /* AppDelegate.swift in Sources */ = {isa = PBXBuildFile; fileRef = 52DC1A2A1AE2A6490011140F /* AppDelegate.swift */; };
		52DC1A2D1AE2A6490011140F /* EventTableViewController.swift in Sources */ = {isa = PBXBuildFile; fileRef = 52DC1A2C1AE2A6490011140F /* EventTableViewController.swift */; };
		52DC1A2F1AE2A6490011140F /* GroupTableViewController.swift in Sources */ = {isa = PBXBuildFile; fileRef = 52DC1A2E1AE2A6490011140F /* GroupTableViewController.swift */; };
		52DC1A321AE2A6490011140F /* Main.storyboard in Resources */ = {isa = PBXBuildFile; fileRef = 52DC1A301AE2A6490011140F /* Main.storyboard */; };
		52DC1A341AE2A6490011140F /* Images.xcassets in Resources */ = {isa = PBXBuildFile; fileRef = 52DC1A331AE2A6490011140F /* Images.xcassets */; };
		52DC1A371AE2A6490011140F /* LaunchScreen.xib in Resources */ = {isa = PBXBuildFile; fileRef = 52DC1A351AE2A6490011140F /* LaunchScreen.xib */; };
		52DC1A431AE2A6490011140F /* BonfireTests.swift in Sources */ = {isa = PBXBuildFile; fileRef = 52DC1A421AE2A6490011140F /* BonfireTests.swift */; };
		728BBEA31AE2B965006FDFFB /* EventView.xib in Resources */ = {isa = PBXBuildFile; fileRef = 728BBEA21AE2B965006FDFFB /* EventView.xib */; };
		728BBEA51AE2B981006FDFFB /* EventView.swift in Sources */ = {isa = PBXBuildFile; fileRef = 728BBEA41AE2B981006FDFFB /* EventView.swift */; };
		728BBED91AE2C63E006FDFFB /* PersonCellView.swift in Sources */ = {isa = PBXBuildFile; fileRef = 728BBED81AE2C63E006FDFFB /* PersonCellView.swift */; };
		728BBEDB1AE2C782006FDFFB /* PersonCellView.xib in Resources */ = {isa = PBXBuildFile; fileRef = 728BBEDA1AE2C782006FDFFB /* PersonCellView.xib */; };
		728BBEDD1AE2F022006FDFFB /* EventTableViewCell.xib in Resources */ = {isa = PBXBuildFile; fileRef = 728BBEDC1AE2F022006FDFFB /* EventTableViewCell.xib */; };
		728BBEDF1AE2F03A006FDFFB /* EventTableViewCell.swift in Sources */ = {isa = PBXBuildFile; fileRef = 728BBEDE1AE2F03A006FDFFB /* EventTableViewCell.swift */; };
		72AC635F1AE30DAB00B8EEDA /* GroupEvent.swift in Sources */ = {isa = PBXBuildFile; fileRef = 72AC635E1AE30DAB00B8EEDA /* GroupEvent.swift */; };
		72AC63631AE33D9B00B8EEDA /* EventDetailViewController.swift in Sources */ = {isa = PBXBuildFile; fileRef = 72AC63621AE33D9B00B8EEDA /* EventDetailViewController.swift */; };
		72AC63651AE33F7000B8EEDA /* UIViewController+navigation.swift in Sources */ = {isa = PBXBuildFile; fileRef = 72AC63641AE33F7000B8EEDA /* UIViewController+navigation.swift */; };
		72AC63671AE3603F00B8EEDA /* GroupDetailViewController.swift in Sources */ = {isa = PBXBuildFile; fileRef = 72AC63661AE3603F00B8EEDA /* GroupDetailViewController.swift */; };
		72AC63691AE3713800B8EEDA /* CreateEventViewController.swift in Sources */ = {isa = PBXBuildFile; fileRef = 72AC63681AE3713800B8EEDA /* CreateEventViewController.swift */; };
		72AC636B1AE3790700B8EEDA /* GroupInvite.xib in Resources */ = {isa = PBXBuildFile; fileRef = 72AC636A1AE3790700B8EEDA /* GroupInvite.xib */; };
		72AC636D1AE37AA500B8EEDA /* GroupInviteViewController.swift in Sources */ = {isa = PBXBuildFile; fileRef = 72AC636C1AE37AA500B8EEDA /* GroupInviteViewController.swift */; };
		72AC636F1AE37D3100B8EEDA /* GroupInvite.swift in Sources */ = {isa = PBXBuildFile; fileRef = 72AC636E1AE37D3100B8EEDA /* GroupInvite.swift */; };
		72AC63711AE38CF200B8EEDA /* AddGroupViewController.swift in Sources */ = {isa = PBXBuildFile; fileRef = 72AC63701AE38CF200B8EEDA /* AddGroupViewController.swift */; };
/* End PBXBuildFile section */

/* Begin PBXContainerItemProxy section */
		52DC1A3D1AE2A6490011140F /* PBXContainerItemProxy */ = {
			isa = PBXContainerItemProxy;
			containerPortal = 52DC1A1D1AE2A6490011140F /* Project object */;
			proxyType = 1;
			remoteGlobalIDString = 52DC1A241AE2A6490011140F;
			remoteInfo = Bonfire;
		};
/* End PBXContainerItemProxy section */

/* Begin PBXFileReference section */
		52C972451AE2F6F1000C531A /* events.json */ = {isa = PBXFileReference; fileEncoding = 4; lastKnownFileType = text.json; name = events.json; path = "../../bonfire-web/events.json"; sourceTree = "<group>"; };
		52C972461AE2F6F1000C531A /* groups.json */ = {isa = PBXFileReference; fileEncoding = 4; lastKnownFileType = text.json; name = groups.json; path = "../../bonfire-web/groups.json"; sourceTree = "<group>"; };
		52C972471AE2F6F1000C531A /* users_events.json */ = {isa = PBXFileReference; fileEncoding = 4; lastKnownFileType = text.json; name = users_events.json; path = "../../bonfire-web/users_events.json"; sourceTree = "<group>"; };
		52C972481AE2F6F1000C531A /* users_groups.json */ = {isa = PBXFileReference; fileEncoding = 4; lastKnownFileType = text.json; name = users_groups.json; path = "../../bonfire-web/users_groups.json"; sourceTree = "<group>"; };
		52C972491AE2F6F1000C531A /* users.json */ = {isa = PBXFileReference; fileEncoding = 4; lastKnownFileType = text.json; name = users.json; path = "../../bonfire-web/users.json"; sourceTree = "<group>"; };
		52C9724F1AE2F70A000C531A /* Entity.swift */ = {isa = PBXFileReference; fileEncoding = 4; lastKnownFileType = sourcecode.swift; path = Entity.swift; sourceTree = "<group>"; };
		52C972501AE2F70A000C531A /* Event.swift */ = {isa = PBXFileReference; fileEncoding = 4; lastKnownFileType = sourcecode.swift; path = Event.swift; sourceTree = "<group>"; };
		52C972511AE2F70A000C531A /* Group.swift */ = {isa = PBXFileReference; fileEncoding = 4; lastKnownFileType = sourcecode.swift; path = Group.swift; sourceTree = "<group>"; };
		52C972521AE2F70A000C531A /* User.swift */ = {isa = PBXFileReference; fileEncoding = 4; lastKnownFileType = sourcecode.swift; path = User.swift; sourceTree = "<group>"; };
		52C972571AE2F714000C531A /* NSJSONSerialization+NSData.swift */ = {isa = PBXFileReference; fileEncoding = 4; lastKnownFileType = sourcecode.swift; path = "NSJSONSerialization+NSData.swift"; sourceTree = "<group>"; };
		52C972591AE30F83000C531A /* images */ = {isa = PBXFileReference; lastKnownFileType = folder; name = images; path = "../../bonfire-web/public/images"; sourceTree = "<group>"; };
		52DC1A251AE2A6490011140F /* Bonfire.app */ = {isa = PBXFileReference; explicitFileType = wrapper.application; includeInIndex = 0; path = Bonfire.app; sourceTree = BUILT_PRODUCTS_DIR; };
		52DC1A291AE2A6490011140F /* Info.plist */ = {isa = PBXFileReference; lastKnownFileType = text.plist.xml; path = Info.plist; sourceTree = "<group>"; };
		52DC1A2A1AE2A6490011140F /* AppDelegate.swift */ = {isa = PBXFileReference; lastKnownFileType = sourcecode.swift; path = AppDelegate.swift; sourceTree = "<group>"; };
		52DC1A2C1AE2A6490011140F /* EventTableViewController.swift */ = {isa = PBXFileReference; lastKnownFileType = sourcecode.swift; path = EventTableViewController.swift; sourceTree = "<group>"; };
		52DC1A2E1AE2A6490011140F /* GroupTableViewController.swift */ = {isa = PBXFileReference; lastKnownFileType = sourcecode.swift; path = GroupTableViewController.swift; sourceTree = "<group>"; };
		52DC1A311AE2A6490011140F /* Base */ = {isa = PBXFileReference; lastKnownFileType = file.storyboard; name = Base; path = Base.lproj/Main.storyboard; sourceTree = "<group>"; };
		52DC1A331AE2A6490011140F /* Images.xcassets */ = {isa = PBXFileReference; lastKnownFileType = folder.assetcatalog; path = Images.xcassets; sourceTree = "<group>"; };
		52DC1A361AE2A6490011140F /* Base */ = {isa = PBXFileReference; lastKnownFileType = file.xib; name = Base; path = Base.lproj/LaunchScreen.xib; sourceTree = "<group>"; };
		52DC1A3C1AE2A6490011140F /* BonfireTests.xctest */ = {isa = PBXFileReference; explicitFileType = wrapper.cfbundle; includeInIndex = 0; path = BonfireTests.xctest; sourceTree = BUILT_PRODUCTS_DIR; };
		52DC1A411AE2A6490011140F /* Info.plist */ = {isa = PBXFileReference; lastKnownFileType = text.plist.xml; path = Info.plist; sourceTree = "<group>"; };
		52DC1A421AE2A6490011140F /* BonfireTests.swift */ = {isa = PBXFileReference; lastKnownFileType = sourcecode.swift; path = BonfireTests.swift; sourceTree = "<group>"; };
		728BBEA21AE2B965006FDFFB /* EventView.xib */ = {isa = PBXFileReference; fileEncoding = 4; lastKnownFileType = file.xib; path = EventView.xib; sourceTree = "<group>"; };
		728BBEA41AE2B981006FDFFB /* EventView.swift */ = {isa = PBXFileReference; fileEncoding = 4; lastKnownFileType = sourcecode.swift; path = EventView.swift; sourceTree = "<group>"; };
		728BBED81AE2C63E006FDFFB /* PersonCellView.swift */ = {isa = PBXFileReference; fileEncoding = 4; lastKnownFileType = sourcecode.swift; path = PersonCellView.swift; sourceTree = "<group>"; };
		728BBEDA1AE2C782006FDFFB /* PersonCellView.xib */ = {isa = PBXFileReference; fileEncoding = 4; lastKnownFileType = file.xib; path = PersonCellView.xib; sourceTree = "<group>"; };
		728BBEDC1AE2F022006FDFFB /* EventTableViewCell.xib */ = {isa = PBXFileReference; fileEncoding = 4; lastKnownFileType = file.xib; path = EventTableViewCell.xib; sourceTree = "<group>"; };
		728BBEDE1AE2F03A006FDFFB /* EventTableViewCell.swift */ = {isa = PBXFileReference; fileEncoding = 4; lastKnownFileType = sourcecode.swift; path = EventTableViewCell.swift; sourceTree = "<group>"; };
		72AC635E1AE30DAB00B8EEDA /* GroupEvent.swift */ = {isa = PBXFileReference; fileEncoding = 4; lastKnownFileType = sourcecode.swift; path = GroupEvent.swift; sourceTree = "<group>"; };
		72AC63621AE33D9B00B8EEDA /* EventDetailViewController.swift */ = {isa = PBXFileReference; fileEncoding = 4; lastKnownFileType = sourcecode.swift; path = EventDetailViewController.swift; sourceTree = "<group>"; };
		72AC63641AE33F7000B8EEDA /* UIViewController+navigation.swift */ = {isa = PBXFileReference; fileEncoding = 4; lastKnownFileType = sourcecode.swift; path = "UIViewController+navigation.swift"; sourceTree = "<group>"; };
		72AC63661AE3603F00B8EEDA /* GroupDetailViewController.swift */ = {isa = PBXFileReference; fileEncoding = 4; lastKnownFileType = sourcecode.swift; path = GroupDetailViewController.swift; sourceTree = "<group>"; };
		72AC63681AE3713800B8EEDA /* CreateEventViewController.swift */ = {isa = PBXFileReference; fileEncoding = 4; lastKnownFileType = sourcecode.swift; path = CreateEventViewController.swift; sourceTree = "<group>"; };
		72AC636A1AE3790700B8EEDA /* GroupInvite.xib */ = {isa = PBXFileReference; fileEncoding = 4; lastKnownFileType = file.xib; path = GroupInvite.xib; sourceTree = "<group>"; };
		72AC636C1AE37AA500B8EEDA /* GroupInviteViewController.swift */ = {isa = PBXFileReference; fileEncoding = 4; lastKnownFileType = sourcecode.swift; path = GroupInviteViewController.swift; sourceTree = "<group>"; };
		72AC636E1AE37D3100B8EEDA /* GroupInvite.swift */ = {isa = PBXFileReference; fileEncoding = 4; lastKnownFileType = sourcecode.swift; path = GroupInvite.swift; sourceTree = "<group>"; };
		72AC63701AE38CF200B8EEDA /* AddGroupViewController.swift */ = {isa = PBXFileReference; fileEncoding = 4; lastKnownFileType = sourcecode.swift; path = AddGroupViewController.swift; sourceTree = "<group>"; };
/* End PBXFileReference section */

/* Begin PBXFrameworksBuildPhase section */
		52DC1A221AE2A6490011140F /* Frameworks */ = {
			isa = PBXFrameworksBuildPhase;
			buildActionMask = 2147483647;
			files = (
			);
			runOnlyForDeploymentPostprocessing = 0;
		};
		52DC1A391AE2A6490011140F /* Frameworks */ = {
			isa = PBXFrameworksBuildPhase;
			buildActionMask = 2147483647;
			files = (
			);
			runOnlyForDeploymentPostprocessing = 0;
		};
/* End PBXFrameworksBuildPhase section */

/* Begin PBXGroup section */
		52C972431AE2F6D5000C531A /* Data */ = {
			isa = PBXGroup;
			children = (
				52C9724F1AE2F70A000C531A /* Entity.swift */,
				72AC635E1AE30DAB00B8EEDA /* GroupEvent.swift */,
				52C972501AE2F70A000C531A /* Event.swift */,
				52C972511AE2F70A000C531A /* Group.swift */,
				52C972521AE2F70A000C531A /* User.swift */,
				52C972451AE2F6F1000C531A /* events.json */,
				52C972461AE2F6F1000C531A /* groups.json */,
				52C972471AE2F6F1000C531A /* users_events.json */,
				52C972481AE2F6F1000C531A /* users_groups.json */,
				52C972491AE2F6F1000C531A /* users.json */,
			);
			name = Data;
			sourceTree = "<group>";
		};
		52C972441AE2F6DD000C531A /* Extensions */ = {
			isa = PBXGroup;
			children = (
				52C972571AE2F714000C531A /* NSJSONSerialization+NSData.swift */,
				72AC63641AE33F7000B8EEDA /* UIViewController+navigation.swift */,
			);
			name = Extensions;
			sourceTree = "<group>";
		};
		52DC1A1C1AE2A6490011140F = {
			isa = PBXGroup;
			children = (
				52DC1A271AE2A6490011140F /* Bonfire */,
				52DC1A3F1AE2A6490011140F /* BonfireTests */,
				52DC1A261AE2A6490011140F /* Products */,
			);
			sourceTree = "<group>";
		};
		52DC1A261AE2A6490011140F /* Products */ = {
			isa = PBXGroup;
			children = (
				52DC1A251AE2A6490011140F /* Bonfire.app */,
				52DC1A3C1AE2A6490011140F /* BonfireTests.xctest */,
			);
			name = Products;
			sourceTree = "<group>";
		};
		52DC1A271AE2A6490011140F /* Bonfire */ = {
			isa = PBXGroup;
			children = (
				52DC1A2A1AE2A6490011140F /* AppDelegate.swift */,
				52DC1A4C1AE2A6760011140F /* UI */,
				52C972431AE2F6D5000C531A /* Data */,
				52C972591AE30F83000C531A /* images */,
				52C972441AE2F6DD000C531A /* Extensions */,
				52DC1A281AE2A6490011140F /* Supporting Files */,
				52DC1A331AE2A6490011140F /* Images.xcassets */,
			);
			path = Bonfire;
			sourceTree = "<group>";
		};
		52DC1A281AE2A6490011140F /* Supporting Files */ = {
			isa = PBXGroup;
			children = (
				52DC1A351AE2A6490011140F /* LaunchScreen.xib */,
				52DC1A291AE2A6490011140F /* Info.plist */,
			);
			name = "Supporting Files";
			sourceTree = "<group>";
		};
		52DC1A3F1AE2A6490011140F /* BonfireTests */ = {
			isa = PBXGroup;
			children = (
				52DC1A421AE2A6490011140F /* BonfireTests.swift */,
				52DC1A401AE2A6490011140F /* Supporting Files */,
			);
			path = BonfireTests;
			sourceTree = "<group>";
		};
		52DC1A401AE2A6490011140F /* Supporting Files */ = {
			isa = PBXGroup;
			children = (
				52DC1A411AE2A6490011140F /* Info.plist */,
			);
			name = "Supporting Files";
			sourceTree = "<group>";
		};
		52DC1A4C1AE2A6760011140F /* UI */ = {
			isa = PBXGroup;
			children = (
				52DC1A301AE2A6490011140F /* Main.storyboard */,
				52DC1A2C1AE2A6490011140F /* EventTableViewController.swift */,
				52DC1A2E1AE2A6490011140F /* GroupTableViewController.swift */,
				728BBEA21AE2B965006FDFFB /* EventView.xib */,
				728BBEA41AE2B981006FDFFB /* EventView.swift */,
				728BBED81AE2C63E006FDFFB /* PersonCellView.swift */,
				728BBEDA1AE2C782006FDFFB /* PersonCellView.xib */,
				728BBEDE1AE2F03A006FDFFB /* EventTableViewCell.swift */,
				728BBEDC1AE2F022006FDFFB /* EventTableViewCell.xib */,
				72AC63621AE33D9B00B8EEDA /* EventDetailViewController.swift */,
				72AC63661AE3603F00B8EEDA /* GroupDetailViewController.swift */,
				72AC63681AE3713800B8EEDA /* CreateEventViewController.swift */,
				72AC636A1AE3790700B8EEDA /* GroupInvite.xib */,
				72AC636C1AE37AA500B8EEDA /* GroupInviteViewController.swift */,
				72AC636E1AE37D3100B8EEDA /* GroupInvite.swift */,
				72AC63701AE38CF200B8EEDA /* AddGroupViewController.swift */,
			);
			name = UI;
			sourceTree = "<group>";
		};
/* End PBXGroup section */

/* Begin PBXNativeTarget section */
		52DC1A241AE2A6490011140F /* Bonfire */ = {
			isa = PBXNativeTarget;
			buildConfigurationList = 52DC1A461AE2A6490011140F /* Build configuration list for PBXNativeTarget "Bonfire" */;
			buildPhases = (
				52DC1A211AE2A6490011140F /* Sources */,
				52DC1A221AE2A6490011140F /* Frameworks */,
				52DC1A231AE2A6490011140F /* Resources */,
			);
			buildRules = (
			);
			dependencies = (
			);
			name = Bonfire;
			productName = Bonfire;
			productReference = 52DC1A251AE2A6490011140F /* Bonfire.app */;
			productType = "com.apple.product-type.application";
		};
		52DC1A3B1AE2A6490011140F /* BonfireTests */ = {
			isa = PBXNativeTarget;
			buildConfigurationList = 52DC1A491AE2A6490011140F /* Build configuration list for PBXNativeTarget "BonfireTests" */;
			buildPhases = (
				52DC1A381AE2A6490011140F /* Sources */,
				52DC1A391AE2A6490011140F /* Frameworks */,
				52DC1A3A1AE2A6490011140F /* Resources */,
			);
			buildRules = (
			);
			dependencies = (
				52DC1A3E1AE2A6490011140F /* PBXTargetDependency */,
			);
			name = BonfireTests;
			productName = BonfireTests;
			productReference = 52DC1A3C1AE2A6490011140F /* BonfireTests.xctest */;
			productType = "com.apple.product-type.bundle.unit-test";
		};
/* End PBXNativeTarget section */

/* Begin PBXProject section */
		52DC1A1D1AE2A6490011140F /* Project object */ = {
			isa = PBXProject;
			attributes = {
				LastUpgradeCheck = 0620;
				ORGANIZATIONNAME = "John Wallace";
				TargetAttributes = {
					52DC1A241AE2A6490011140F = {
						CreatedOnToolsVersion = 6.2;
					};
					52DC1A3B1AE2A6490011140F = {
						CreatedOnToolsVersion = 6.2;
						TestTargetID = 52DC1A241AE2A6490011140F;
					};
				};
			};
			buildConfigurationList = 52DC1A201AE2A6490011140F /* Build configuration list for PBXProject "Bonfire" */;
			compatibilityVersion = "Xcode 3.2";
			developmentRegion = English;
			hasScannedForEncodings = 0;
			knownRegions = (
				en,
				Base,
			);
			mainGroup = 52DC1A1C1AE2A6490011140F;
			productRefGroup = 52DC1A261AE2A6490011140F /* Products */;
			projectDirPath = "";
			projectRoot = "";
			targets = (
				52DC1A241AE2A6490011140F /* Bonfire */,
				52DC1A3B1AE2A6490011140F /* BonfireTests */,
			);
		};
/* End PBXProject section */

/* Begin PBXResourcesBuildPhase section */
		52DC1A231AE2A6490011140F /* Resources */ = {
			isa = PBXResourcesBuildPhase;
			buildActionMask = 2147483647;
			files = (
				52C9725A1AE30F83000C531A /* images in Resources */,
				52C9724E1AE2F6F1000C531A /* users.json in Resources */,
				52C9724D1AE2F6F1000C531A /* users_groups.json in Resources */,
				728BBEDD1AE2F022006FDFFB /* EventTableViewCell.xib in Resources */,
				52DC1A321AE2A6490011140F /* Main.storyboard in Resources */,
				52DC1A371AE2A6490011140F /* LaunchScreen.xib in Resources */,
				52C9724B1AE2F6F1000C531A /* groups.json in Resources */,
				52C9724A1AE2F6F1000C531A /* events.json in Resources */,
				728BBEDB1AE2C782006FDFFB /* PersonCellView.xib in Resources */,
				52DC1A341AE2A6490011140F /* Images.xcassets in Resources */,
				52C9724C1AE2F6F1000C531A /* users_events.json in Resources */,
				72AC636B1AE3790700B8EEDA /* GroupInvite.xib in Resources */,
				728BBEA31AE2B965006FDFFB /* EventView.xib in Resources */,
			);
			runOnlyForDeploymentPostprocessing = 0;
		};
		52DC1A3A1AE2A6490011140F /* Resources */ = {
			isa = PBXResourcesBuildPhase;
			buildActionMask = 2147483647;
			files = (
			);
			runOnlyForDeploymentPostprocessing = 0;
		};
/* End PBXResourcesBuildPhase section */

/* Begin PBXSourcesBuildPhase section */
		52DC1A211AE2A6490011140F /* Sources */ = {
			isa = PBXSourcesBuildPhase;
			buildActionMask = 2147483647;
			files = (
				72AC63651AE33F7000B8EEDA /* UIViewController+navigation.swift in Sources */,
				72AC63691AE3713800B8EEDA /* CreateEventViewController.swift in Sources */,
				72AC636F1AE37D3100B8EEDA /* GroupInvite.swift in Sources */,
				52C972551AE2F70A000C531A /* Group.swift in Sources */,
				52C972541AE2F70A000C531A /* Event.swift in Sources */,
				728BBEDF1AE2F03A006FDFFB /* EventTableViewCell.swift in Sources */,
				72AC63631AE33D9B00B8EEDA /* EventDetailViewController.swift in Sources */,
				52DC1A2F1AE2A6490011140F /* GroupTableViewController.swift in Sources */,
				52C972531AE2F70A000C531A /* Entity.swift in Sources */,
				52DC1A2B1AE2A6490011140F /* AppDelegate.swift in Sources */,
				72AC635F1AE30DAB00B8EEDA /* GroupEvent.swift in Sources */,
				72AC63671AE3603F00B8EEDA /* GroupDetailViewController.swift in Sources */,
				72AC63711AE38CF200B8EEDA /* AddGroupViewController.swift in Sources */,
				72AC636D1AE37AA500B8EEDA /* GroupInviteViewController.swift in Sources */,
				52C972581AE2F714000C531A /* NSJSONSerialization+NSData.swift in Sources */,
				52DC1A2D1AE2A6490011140F /* EventTableViewController.swift in Sources */,
				728BBED91AE2C63E006FDFFB /* PersonCellView.swift in Sources */,
				52C972561AE2F70A000C531A /* User.swift in Sources */,
				728BBEA51AE2B981006FDFFB /* EventView.swift in Sources */,
			);
			runOnlyForDeploymentPostprocessing = 0;
		};
		52DC1A381AE2A6490011140F /* Sources */ = {
			isa = PBXSourcesBuildPhase;
			buildActionMask = 2147483647;
			files = (
				52DC1A431AE2A6490011140F /* BonfireTests.swift in Sources */,
			);
			runOnlyForDeploymentPostprocessing = 0;
		};
/* End PBXSourcesBuildPhase section */

/* Begin PBXTargetDependency section */
		52DC1A3E1AE2A6490011140F /* PBXTargetDependency */ = {
			isa = PBXTargetDependency;
			target = 52DC1A241AE2A6490011140F /* Bonfire */;
			targetProxy = 52DC1A3D1AE2A6490011140F /* PBXContainerItemProxy */;
		};
/* End PBXTargetDependency section */

/* Begin PBXVariantGroup section */
		52DC1A301AE2A6490011140F /* Main.storyboard */ = {
			isa = PBXVariantGroup;
			children = (
				52DC1A311AE2A6490011140F /* Base */,
			);
			name = Main.storyboard;
			sourceTree = "<group>";
		};
		52DC1A351AE2A6490011140F /* LaunchScreen.xib */ = {
			isa = PBXVariantGroup;
			children = (
				52DC1A361AE2A6490011140F /* Base */,
			);
			name = LaunchScreen.xib;
			sourceTree = "<group>";
		};
/* End PBXVariantGroup section */

/* Begin XCBuildConfiguration section */
		52DC1A441AE2A6490011140F /* Debug */ = {
			isa = XCBuildConfiguration;
			buildSettings = {
				ALWAYS_SEARCH_USER_PATHS = NO;
				CLANG_CXX_LANGUAGE_STANDARD = "gnu++0x";
				CLANG_CXX_LIBRARY = "libc++";
				CLANG_ENABLE_MODULES = YES;
				CLANG_ENABLE_OBJC_ARC = YES;
				CLANG_WARN_BOOL_CONVERSION = YES;
				CLANG_WARN_CONSTANT_CONVERSION = YES;
				CLANG_WARN_DIRECT_OBJC_ISA_USAGE = YES_ERROR;
				CLANG_WARN_EMPTY_BODY = YES;
				CLANG_WARN_ENUM_CONVERSION = YES;
				CLANG_WARN_INT_CONVERSION = YES;
				CLANG_WARN_OBJC_ROOT_CLASS = YES_ERROR;
				CLANG_WARN_UNREACHABLE_CODE = YES;
				CLANG_WARN__DUPLICATE_METHOD_MATCH = YES;
				"CODE_SIGN_IDENTITY[sdk=iphoneos*]" = "iPhone Developer";
				COPY_PHASE_STRIP = NO;
				ENABLE_STRICT_OBJC_MSGSEND = YES;
				GCC_C_LANGUAGE_STANDARD = gnu99;
				GCC_DYNAMIC_NO_PIC = NO;
				GCC_OPTIMIZATION_LEVEL = 0;
				GCC_PREPROCESSOR_DEFINITIONS = (
					"DEBUG=1",
					"$(inherited)",
				);
				GCC_SYMBOLS_PRIVATE_EXTERN = NO;
				GCC_WARN_64_TO_32_BIT_CONVERSION = YES;
				GCC_WARN_ABOUT_RETURN_TYPE = YES_ERROR;
				GCC_WARN_UNDECLARED_SELECTOR = YES;
				GCC_WARN_UNINITIALIZED_AUTOS = YES_AGGRESSIVE;
				GCC_WARN_UNUSED_FUNCTION = YES;
				GCC_WARN_UNUSED_VARIABLE = YES;
				IPHONEOS_DEPLOYMENT_TARGET = 8.2;
				MTL_ENABLE_DEBUG_INFO = YES;
				ONLY_ACTIVE_ARCH = YES;
				SDKROOT = iphoneos;
				SWIFT_OPTIMIZATION_LEVEL = "-Onone";
				TARGETED_DEVICE_FAMILY = "1,2";
			};
			name = Debug;
		};
		52DC1A451AE2A6490011140F /* Release */ = {
			isa = XCBuildConfiguration;
			buildSettings = {
				ALWAYS_SEARCH_USER_PATHS = NO;
				CLANG_CXX_LANGUAGE_STANDARD = "gnu++0x";
				CLANG_CXX_LIBRARY = "libc++";
				CLANG_ENABLE_MODULES = YES;
				CLANG_ENABLE_OBJC_ARC = YES;
				CLANG_WARN_BOOL_CONVERSION = YES;
				CLANG_WARN_CONSTANT_CONVERSION = YES;
				CLANG_WARN_DIRECT_OBJC_ISA_USAGE = YES_ERROR;
				CLANG_WARN_EMPTY_BODY = YES;
				CLANG_WARN_ENUM_CONVERSION = YES;
				CLANG_WARN_INT_CONVERSION = YES;
				CLANG_WARN_OBJC_ROOT_CLASS = YES_ERROR;
				CLANG_WARN_UNREACHABLE_CODE = YES;
				CLANG_WARN__DUPLICATE_METHOD_MATCH = YES;
				"CODE_SIGN_IDENTITY[sdk=iphoneos*]" = "iPhone Developer";
				COPY_PHASE_STRIP = NO;
				ENABLE_NS_ASSERTIONS = NO;
				ENABLE_STRICT_OBJC_MSGSEND = YES;
				GCC_C_LANGUAGE_STANDARD = gnu99;
				GCC_WARN_64_TO_32_BIT_CONVERSION = YES;
				GCC_WARN_ABOUT_RETURN_TYPE = YES_ERROR;
				GCC_WARN_UNDECLARED_SELECTOR = YES;
				GCC_WARN_UNINITIALIZED_AUTOS = YES_AGGRESSIVE;
				GCC_WARN_UNUSED_FUNCTION = YES;
				GCC_WARN_UNUSED_VARIABLE = YES;
				IPHONEOS_DEPLOYMENT_TARGET = 8.2;
				MTL_ENABLE_DEBUG_INFO = NO;
				SDKROOT = iphoneos;
				TARGETED_DEVICE_FAMILY = "1,2";
				VALIDATE_PRODUCT = YES;
			};
			name = Release;
		};
		52DC1A471AE2A6490011140F /* Debug */ = {
			isa = XCBuildConfiguration;
			buildSettings = {
				ASSETCATALOG_COMPILER_APPICON_NAME = AppIcon;
				INFOPLIST_FILE = Bonfire/Info.plist;
				LD_RUNPATH_SEARCH_PATHS = "$(inherited) @executable_path/Frameworks";
				PRODUCT_NAME = "$(TARGET_NAME)";
			};
			name = Debug;
		};
		52DC1A481AE2A6490011140F /* Release */ = {
			isa = XCBuildConfiguration;
			buildSettings = {
				ASSETCATALOG_COMPILER_APPICON_NAME = AppIcon;
				INFOPLIST_FILE = Bonfire/Info.plist;
				LD_RUNPATH_SEARCH_PATHS = "$(inherited) @executable_path/Frameworks";
				PRODUCT_NAME = "$(TARGET_NAME)";
			};
			name = Release;
		};
		52DC1A4A1AE2A6490011140F /* Debug */ = {
			isa = XCBuildConfiguration;
			buildSettings = {
				BUNDLE_LOADER = "$(TEST_HOST)";
				FRAMEWORK_SEARCH_PATHS = (
					"$(SDKROOT)/Developer/Library/Frameworks",
					"$(inherited)",
				);
				GCC_PREPROCESSOR_DEFINITIONS = (
					"DEBUG=1",
					"$(inherited)",
				);
				INFOPLIST_FILE = BonfireTests/Info.plist;
				LD_RUNPATH_SEARCH_PATHS = "$(inherited) @executable_path/Frameworks @loader_path/Frameworks";
				PRODUCT_NAME = "$(TARGET_NAME)";
				TEST_HOST = "$(BUILT_PRODUCTS_DIR)/Bonfire.app/Bonfire";
			};
			name = Debug;
		};
		52DC1A4B1AE2A6490011140F /* Release */ = {
			isa = XCBuildConfiguration;
			buildSettings = {
				BUNDLE_LOADER = "$(TEST_HOST)";
				FRAMEWORK_SEARCH_PATHS = (
					"$(SDKROOT)/Developer/Library/Frameworks",
					"$(inherited)",
				);
				INFOPLIST_FILE = BonfireTests/Info.plist;
				LD_RUNPATH_SEARCH_PATHS = "$(inherited) @executable_path/Frameworks @loader_path/Frameworks";
				PRODUCT_NAME = "$(TARGET_NAME)";
				TEST_HOST = "$(BUILT_PRODUCTS_DIR)/Bonfire.app/Bonfire";
			};
			name = Release;
		};
/* End XCBuildConfiguration section */

/* Begin XCConfigurationList section */
		52DC1A201AE2A6490011140F /* Build configuration list for PBXProject "Bonfire" */ = {
			isa = XCConfigurationList;
			buildConfigurations = (
				52DC1A441AE2A6490011140F /* Debug */,
				52DC1A451AE2A6490011140F /* Release */,
			);
			defaultConfigurationIsVisible = 0;
			defaultConfigurationName = Release;
		};
		52DC1A461AE2A6490011140F /* Build configuration list for PBXNativeTarget "Bonfire" */ = {
			isa = XCConfigurationList;
			buildConfigurations = (
				52DC1A471AE2A6490011140F /* Debug */,
				52DC1A481AE2A6490011140F /* Release */,
			);
			defaultConfigurationIsVisible = 0;
			defaultConfigurationName = Release;
		};
		52DC1A491AE2A6490011140F /* Build configuration list for PBXNativeTarget "BonfireTests" */ = {
			isa = XCConfigurationList;
			buildConfigurations = (
				52DC1A4A1AE2A6490011140F /* Debug */,
				52DC1A4B1AE2A6490011140F /* Release */,
			);
			defaultConfigurationIsVisible = 0;
			defaultConfigurationName = Release;
		};
/* End XCConfigurationList section */
	};
	rootObject = 52DC1A1D1AE2A6490011140F /* Project object */;
}
